
Microsoft Visual Studio Solution File, Format Version 12.00
# Visual Studio Version 16
VisualStudioVersion = 16.0.31515.178
MinimumVisualStudioVersion = 10.0.40219.1
Project("{FAE04EC0-301F-11D3-BF4B-00C04F79EFBC}") = "Prototype", "Prototype.csproj", "{718CC260-CDC8-4327-B7C7-EC0AEB21A81E}"
EndProject
Global
	GlobalSection(SolutionConfigurationPlatforms) = preSolution
		Debug|Any CPU = Debug|Any CPU
		Release|Any CPU = Release|Any CPU
	EndGlobalSection
	GlobalSection(ProjectConfigurationPlatforms) = postSolution
		{718CC260-CDC8-4327-B7C7-EC0AEB21A81E}.Debug|Any CPU.ActiveCfg = Debug|Any CPU
		{718CC260-CDC8-4327-B7C7-EC0AEB21A81E}.Debug|Any CPU.Build.0 = Debug|Any CPU
		{718CC260-CDC8-4327-B7C7-EC0AEB21A81E}.Release|Any CPU.ActiveCfg = Release|Any CPU
		{718CC260-CDC8-4327-B7C7-EC0AEB21A81E}.Release|Any CPU.Build.0 = Release|Any CPU
	EndGlobalSection
	GlobalSection(SolutionProperties) = preSolution
		HideSolutionNode = FALSE
	EndGlobalSection
	GlobalSection(ExtensibilityGlobals) = postSolution
		SolutionGuid = {781331CA-84D3-4981-ACAB-7A942613FC85}
	EndGlobalSection
EndGlobal
