
Microsoft Visual Studio Solution File, Format Version 12.00
# Visual Studio Version 16
VisualStudioVersion = 16.0.31702.278
MinimumVisualStudioVersion = 10.0.40219.1
Project("{9A19103F-16F7-4668-BE54-9A1E7A4F7556}") = "Flyweight", "Flyweight.csproj", "{9FCA77A9-96C8-449D-89BF-D0FE21389A7F}"
EndProject
Global
	GlobalSection(SolutionConfigurationPlatforms) = preSolution
		Debug|Any CPU = Debug|Any CPU
		Release|Any CPU = Release|Any CPU
	EndGlobalSection
	GlobalSection(ProjectConfigurationPlatforms) = postSolution
		{9FCA77A9-96C8-449D-89BF-D0FE21389A7F}.Debug|Any CPU.ActiveCfg = Debug|Any CPU
		{9FCA77A9-96C8-449D-89BF-D0FE21389A7F}.Debug|Any CPU.Build.0 = Debug|Any CPU
		{9FCA77A9-96C8-449D-89BF-D0FE21389A7F}.Release|Any CPU.ActiveCfg = Release|Any CPU
		{9FCA77A9-96C8-449D-89BF-D0FE21389A7F}.Release|Any CPU.Build.0 = Release|Any CPU
	EndGlobalSection
	GlobalSection(SolutionProperties) = preSolution
		HideSolutionNode = FALSE
	EndGlobalSection
	GlobalSection(ExtensibilityGlobals) = postSolution
		SolutionGuid = {4FA5EF3A-479B-4725-8DBD-AFC3C396B9DC}
	EndGlobalSection
EndGlobal
