
Microsoft Visual Studio Solution File, Format Version 12.00
# Visual Studio Version 16
VisualStudioVersion = 16.0.30114.105
MinimumVisualStudioVersion = 10.0.40219.1
Project("{FAE04EC0-301F-11D3-BF4B-00C04F79EFBC}") = "PrimeService", "PrimeService\PrimeService.csproj", "{95E8C594-C9E0-45EA-B809-7750F262FC4B}"
EndProject
Project("{FAE04EC0-301F-11D3-BF4B-00C04F79EFBC}") = "PrimeService.Tests", "PrimeService.Tests\PrimeService.Tests.csproj", "{FF65EC00-4007-4EAD-8477-E6536A475FBD}"
EndProject
Global
	GlobalSection(SolutionConfigurationPlatforms) = preSolution
		Debug|Any CPU = Debug|Any CPU
		Debug|x64 = Debug|x64
		Debug|x86 = Debug|x86
		Release|Any CPU = Release|Any CPU
		Release|x64 = Release|x64
		Release|x86 = Release|x86
	EndGlobalSection
	GlobalSection(SolutionProperties) = preSolution
		HideSolutionNode = FALSE
	EndGlobalSection
	GlobalSection(ProjectConfigurationPlatforms) = postSolution
		{95E8C594-C9E0-45EA-B809-7750F262FC4B}.Debug|Any CPU.ActiveCfg = Debug|Any CPU
		{95E8C594-C9E0-45EA-B809-7750F262FC4B}.Debug|Any CPU.Build.0 = Debug|Any CPU
		{95E8C594-C9E0-45EA-B809-7750F262FC4B}.Debug|x64.ActiveCfg = Debug|Any CPU
		{95E8C594-C9E0-45EA-B809-7750F262FC4B}.Debug|x64.Build.0 = Debug|Any CPU
		{95E8C594-C9E0-45EA-B809-7750F262FC4B}.Debug|x86.ActiveCfg = Debug|Any CPU
		{95E8C594-C9E0-45EA-B809-7750F262FC4B}.Debug|x86.Build.0 = Debug|Any CPU
		{95E8C594-C9E0-45EA-B809-7750F262FC4B}.Release|Any CPU.ActiveCfg = Release|Any CPU
		{95E8C594-C9E0-45EA-B809-7750F262FC4B}.Release|Any CPU.Build.0 = Release|Any CPU
		{95E8C594-C9E0-45EA-B809-7750F262FC4B}.Release|x64.ActiveCfg = Release|Any CPU
		{95E8C594-C9E0-45EA-B809-7750F262FC4B}.Release|x64.Build.0 = Release|Any CPU
		{95E8C594-C9E0-45EA-B809-7750F262FC4B}.Release|x86.ActiveCfg = Release|Any CPU
		{95E8C594-C9E0-45EA-B809-7750F262FC4B}.Release|x86.Build.0 = Release|Any CPU
		{FF65EC00-4007-4EAD-8477-E6536A475FBD}.Debug|Any CPU.ActiveCfg = Debug|Any CPU
		{FF65EC00-4007-4EAD-8477-E6536A475FBD}.Debug|Any CPU.Build.0 = Debug|Any CPU
		{FF65EC00-4007-4EAD-8477-E6536A475FBD}.Debug|x64.ActiveCfg = Debug|Any CPU
		{FF65EC00-4007-4EAD-8477-E6536A475FBD}.Debug|x64.Build.0 = Debug|Any CPU
		{FF65EC00-4007-4EAD-8477-E6536A475FBD}.Debug|x86.ActiveCfg = Debug|Any CPU
		{FF65EC00-4007-4EAD-8477-E6536A475FBD}.Debug|x86.Build.0 = Debug|Any CPU
		{FF65EC00-4007-4EAD-8477-E6536A475FBD}.Release|Any CPU.ActiveCfg = Release|Any CPU
		{FF65EC00-4007-4EAD-8477-E6536A475FBD}.Release|Any CPU.Build.0 = Release|Any CPU
		{FF65EC00-4007-4EAD-8477-E6536A475FBD}.Release|x64.ActiveCfg = Release|Any CPU
		{FF65EC00-4007-4EAD-8477-E6536A475FBD}.Release|x64.Build.0 = Release|Any CPU
		{FF65EC00-4007-4EAD-8477-E6536A475FBD}.Release|x86.ActiveCfg = Release|Any CPU
		{FF65EC00-4007-4EAD-8477-E6536A475FBD}.Release|x86.Build.0 = Release|Any CPU
	EndGlobalSection
EndGlobal
